Microsoft Visual Studio Solution File, Format Version 12.00
# Visual Studio Version 17
VisualStudioVersion = 17.5.2.0
MinimumVisualStudioVersion = 10.0.40219.1
Project("{FAE04EC0-301F-11D3-BF4B-00C04F79EFBC}") = "EasyHMSAPI.Application", "EasyHMSAPI.Application\EasyHMSAPI.Application.csproj", "{A861E007-4709-79F0-C8F2-95502EFF17F6}"
EndProject
Project("{FAE04EC0-301F-11D3-BF4B-00C04F79EFBC}") = "EasyHMSAPI.Data", "EasyHMSAPI.Data\EasyHMSAPI.Data.csproj", "{04EE1698-3C75-D6AA-D1BF-D3537C90A68A}"
EndProject
Project("{FAE04EC0-301F-11D3-BF4B-00C04F79EFBC}") = "EasyHMSAPI.Domain", "EasyHMSAPI.Domain\EasyHMSAPI.Domain.csproj", "{AEF470C3-A858-7ADF-D863-915E18EE58F9}"
EndProject
Project("{FAE04EC0-301F-11D3-BF4B-00C04F79EFBC}") = "EasyHMSAPI.Api", "EasyHMSAPI.Api\EasyHMSAPI.Api.csproj", "{D4312A26-9DF7-3CCD-7866-CEBBBAA61B74}"
EndProject
Project("{FAE04EC0-301F-11D3-BF4B-00C04F79EFBC}") = "EasyHMSAPI.UnitTests", "EasyHMSAPI.UnitTests\EasyHMSAPI.UnitTests.csproj", "{27E35EFA-3F46-80E0-7FF1-900F5BDC839B}"
EndProject
Global
	GlobalSection(SolutionConfigurationPlatforms) = preSolution
		Debug|Any CPU = Debug|Any CPU
		Release|Any CPU = Release|Any CPU
	EndGlobalSection
	GlobalSection(ProjectConfigurationPlatforms) = postSolution
		{A861E007-4709-79F0-C8F2-95502EFF17F6}.Debug|Any CPU.ActiveCfg = Debug|Any CPU
		{A861E007-4709-79F0-C8F2-95502EFF17F6}.Debug|Any CPU.Build.0 = Debug|Any CPU
		{A861E007-4709-79F0-C8F2-95502EFF17F6}.Release|Any CPU.ActiveCfg = Release|Any CPU
		{A861E007-4709-79F0-C8F2-95502EFF17F6}.Release|Any CPU.Build.0 = Release|Any CPU
		{04EE1698-3C75-D6AA-D1BF-D3537C90A68A}.Debug|Any CPU.ActiveCfg = Debug|Any CPU
		{04EE1698-3C75-D6AA-D1BF-D3537C90A68A}.Debug|Any CPU.Build.0 = Debug|Any CPU
		{04EE1698-3C75-D6AA-D1BF-D3537C90A68A}.Release|Any CPU.ActiveCfg = Release|Any CPU
		{04EE1698-3C75-D6AA-D1BF-D3537C90A68A}.Release|Any CPU.Build.0 = Release|Any CPU
		{AEF470C3-A858-7ADF-D863-915E18EE58F9}.Debug|Any CPU.ActiveCfg = Debug|Any CPU
		{AEF470C3-A858-7ADF-D863-915E18EE58F9}.Debug|Any CPU.Build.0 = Debug|Any CPU
		{AEF470C3-A858-7ADF-D863-915E18EE58F9}.Release|Any CPU.ActiveCfg = Release|Any CPU
		{AEF470C3-A858-7ADF-D863-915E18EE58F9}.Release|Any CPU.Build.0 = Release|Any CPU
		{D4312A26-9DF7-3CCD-7866-CEBBBAA61B74}.Debug|Any CPU.ActiveCfg = Debug|Any CPU
		{D4312A26-9DF7-3CCD-7866-CEBBBAA61B74}.Debug|Any CPU.Build.0 = Debug|Any CPU
		{D4312A26-9DF7-3CCD-7866-CEBBBAA61B74}.Release|Any CPU.ActiveCfg = Release|Any CPU
		{D4312A26-9DF7-3CCD-7866-CEBBBAA61B74}.Release|Any CPU.Build.0 = Release|Any CPU
		{27E35EFA-3F46-80E0-7FF1-900F5BDC839B}.Debug|Any CPU.ActiveCfg = Debug|Any CPU
		{27E35EFA-3F46-80E0-7FF1-900F5BDC839B}.Debug|Any CPU.Build.0 = Debug|Any CPU
		{27E35EFA-3F46-80E0-7FF1-900F5BDC839B}.Release|Any CPU.ActiveCfg = Release|Any CPU
		{27E35EFA-3F46-80E0-7FF1-900F5BDC839B}.Release|Any CPU.Build.0 = Release|Any CPU
	EndGlobalSection
	GlobalSection(SolutionProperties) = preSolution
		HideSolutionNode = FALSE
	EndGlobalSection
	GlobalSection(ExtensibilityGlobals) = postSolution
		SolutionGuid = {532E5951-20F3-40B8-80BE-9F9CC4A732B4}
	EndGlobalSection
EndGlobal
